
Microsoft Visual Studio Solution File, Format Version 12.00
# Visual Studio 2012
Project("{2150E333-8FDC-42A3-9474-1A3956D46DE8}") = "Acceso a Datos", "Acceso a Datos", "{F0693984-687B-4238-BF0F-BE044A188E36}"
EndProject
Project("{2150E333-8FDC-42A3-9474-1A3956D46DE8}") = "Entidad", "Entidad", "{E46D4562-CC3B-4DCF-A085-CF4AEE1E4D80}"
EndProject
Project("{2150E333-8FDC-42A3-9474-1A3956D46DE8}") = "FrameWork", "FrameWork", "{4FA30312-A6BB-4AF6-AE32-73CC31FB41C3}"
EndProject
Project("{2150E333-8FDC-42A3-9474-1A3956D46DE8}") = "Negocio", "Negocio", "{E39C8590-FBB4-407D-B6D6-6F590C5A3630}"
EndProject
Project("{2150E333-8FDC-42A3-9474-1A3956D46DE8}") = "Presentacion", "Presentacion", "{78B92F12-1FF0-45FD-B86E-8E7E802C9657}"
EndProject
Project("{FAE04EC0-301F-11D3-BF4B-00C04F79EFBC}") = "SisOxi.WinUI", "SisOxi.WinUI\SisOxi.WinUI.csproj", "{0BF2B8F5-1401-4E52-AFBD-A415D7FE0AF9}"
EndProject
Project("{FAE04EC0-301F-11D3-BF4B-00C04F79EFBC}") = "WinFormTelerikDS", "WinFormTelerikDS\WinFormTelerikDS.csproj", "{0E07F88E-B941-4433-82E2-8EE878E3524C}"
EndProject
Project("{2150E333-8FDC-42A3-9474-1A3956D46DE8}") = "Nivel Base de Datos", "Nivel Base de Datos", "{B45B8A76-172C-4B91-8335-EEFC06676BD1}"
	ProjectSection(SolutionItems) = preProject
		ScriptBD\BDOxibariterapia.sql = ScriptBD\BDOxibariterapia.sql
		ScriptBD\BDOxibariterapia2.sql = ScriptBD\BDOxibariterapia2.sql
		ScriptBD\LoginSistema.sql = ScriptBD\LoginSistema.sql
		ScriptBD\ReportesEstadisticos.sql = ScriptBD\ReportesEstadisticos.sql
		ScriptBD\SisOxi.bak = ScriptBD\SisOxi.bak
		ScriptBD\SisOxi.erwin = ScriptBD\SisOxi.erwin
		ScriptBD\SisOxi2.0.erwin = ScriptBD\SisOxi2.0.erwin
		ScriptBD\TablaDatosClinicos.sql = ScriptBD\TablaDatosClinicos.sql
		ScriptBD\TablaEmpleado.sql = ScriptBD\TablaEmpleado.sql
		ScriptBD\TablaEnfermedad.sql = ScriptBD\TablaEnfermedad.sql
		ScriptBD\TablaExamenGabinete.sql = ScriptBD\TablaExamenGabinete.sql
		ScriptBD\TablaHistoriaClinica.sql = ScriptBD\TablaHistoriaClinica.sql
		ScriptBD\TablaImpresionDiagnostica.sql = ScriptBD\TablaImpresionDiagnostica.sql
		ScriptBD\TablaSesionesTratamiento.sql = ScriptBD\TablaSesionesTratamiento.sql
		ScriptBD\TablaTipoExamen.sql = ScriptBD\TablaTipoExamen.sql
		ScriptBD\TablaTratamiento.sql = ScriptBD\TablaTratamiento.sql
	EndProjectSection
EndProject
Project("{FAE04EC0-301F-11D3-BF4B-00C04F79EFBC}") = "SisOxi.VO", "SisOxi.VO\SisOxi.VO.csproj", "{F05DCB59-ADDA-4F75-A8BB-8665BA830785}"
EndProject
Project("{FAE04EC0-301F-11D3-BF4B-00C04F79EFBC}") = "SisOxi.DAL", "SisOxi.DAO\SisOxi.DAL.csproj", "{528C46B4-4CD6-48D4-B5EB-B96084AD64F1}"
EndProject
Project("{FAE04EC0-301F-11D3-BF4B-00C04F79EFBC}") = "SisOxi.BUS", "SisOxi.BUS\SisOxi.BUS.csproj", "{D2664988-C11E-4128-97D5-BC542B88D7A5}"
EndProject
Project("{2150E333-8FDC-42A3-9474-1A3956D46DE8}") = "Instalador", "Instalador", "{FBA47618-5E90-44E3-90E3-41F5987278C2}"
EndProject
Project("{6141683F-8A12-4E36-9623-2EB02B2C2303}") = "SisOxi", "SisOxi\SisOxi.isproj", "{3765D010-5CA6-49FC-B5C1-BA59D660B923}"
EndProject
Global
	GlobalSection(TeamFoundationVersionControl) = preSolution
		SccNumberOfProjects = 7
		SccEnterpriseProvider = {4CA58AB2-18FA-4F8D-95D4-32DDF27D184C}
		SccTeamFoundationServer = https://charlie.visualstudio.com/defaultcollection
		SccLocalPath0 = .
		SccProjectUniqueName1 = SisOxi.BUS\\SisOxi.BUS.csproj
		SccProjectTopLevelParentUniqueName1 = SisOxi.sln
		SccProjectName1 = SisOxi.BUS
		SccLocalPath1 = SisOxi.BUS
		SccProjectUniqueName2 = SisOxi.DAO\\SisOxi.DAL.csproj
		SccProjectTopLevelParentUniqueName2 = SisOxi.sln
		SccProjectName2 = SisOxi.DAO
		SccLocalPath2 = SisOxi.DAO
		SccProjectUniqueName3 = SisOxi.VO\\SisOxi.VO.csproj
		SccProjectTopLevelParentUniqueName3 = SisOxi.sln
		SccProjectName3 = SisOxi.VO
		SccLocalPath3 = SisOxi.VO
		SccProjectUniqueName4 = SisOxi.WinUI\\SisOxi.WinUI.csproj
		SccProjectTopLevelParentUniqueName4 = SisOxi.sln
		SccProjectName4 = SisOxi.WinUI
		SccLocalPath4 = SisOxi.WinUI
		SccProjectUniqueName5 = SisOxi\\SisOxi.isproj
		SccProjectTopLevelParentUniqueName5 = SisOxi.sln
		SccProjectName5 = SisOxi
		SccLocalPath5 = SisOxi
		SccProjectUniqueName6 = WinFormTelerikDS\\WinFormTelerikDS.csproj
		SccProjectTopLevelParentUniqueName6 = SisOxi.sln
		SccProjectName6 = WinFormTelerikDS
		SccLocalPath6 = WinFormTelerikDS
	EndGlobalSection
	GlobalSection(SolutionConfigurationPlatforms) = preSolution
		CD_ROM|Any CPU = CD_ROM|Any CPU
		CD_ROM|Mixed Platforms = CD_ROM|Mixed Platforms
		CD_ROM|x86 = CD_ROM|x86
		Debug|Any CPU = Debug|Any CPU
		Debug|Mixed Platforms = Debug|Mixed Platforms
		Debug|x86 = Debug|x86
		DVD-5|Any CPU = DVD-5|Any CPU
		DVD-5|Mixed Platforms = DVD-5|Mixed Platforms
		DVD-5|x86 = DVD-5|x86
		Release|Any CPU = Release|Any CPU
		Release|Mixed Platforms = Release|Mixed Platforms
		Release|x86 = Release|x86
		SingleImage|Any CPU = SingleImage|Any CPU
		SingleImage|Mixed Platforms = SingleImage|Mixed Platforms
		SingleImage|x86 = SingleImage|x86
	EndGlobalSection
	GlobalSection(ProjectConfigurationPlatforms) = postSolution
		{0BF2B8F5-1401-4E52-AFBD-A415D7FE0AF9}.CD_ROM|Any CPU.ActiveCfg = Release|x86
		{0BF2B8F5-1401-4E52-AFBD-A415D7FE0AF9}.CD_ROM|Mixed Platforms.ActiveCfg = Release|x86
		{0BF2B8F5-1401-4E52-AFBD-A415D7FE0AF9}.CD_ROM|Mixed Platforms.Build.0 = Release|x86
		{0BF2B8F5-1401-4E52-AFBD-A415D7FE0AF9}.CD_ROM|x86.ActiveCfg = Release|x86
		{0BF2B8F5-1401-4E52-AFBD-A415D7FE0AF9}.CD_ROM|x86.Build.0 = Release|x86
		{0BF2B8F5-1401-4E52-AFBD-A415D7FE0AF9}.Debug|Any CPU.ActiveCfg = Debug|x86
		{0BF2B8F5-1401-4E52-AFBD-A415D7FE0AF9}.Debug|Mixed Platforms.ActiveCfg = Debug|x86
		{0BF2B8F5-1401-4E52-AFBD-A415D7FE0AF9}.Debug|Mixed Platforms.Build.0 = Debug|x86
		{0BF2B8F5-1401-4E52-AFBD-A415D7FE0AF9}.Debug|x86.ActiveCfg = Debug|x86
		{0BF2B8F5-1401-4E52-AFBD-A415D7FE0AF9}.Debug|x86.Build.0 = Debug|x86
		{0BF2B8F5-1401-4E52-AFBD-A415D7FE0AF9}.DVD-5|Any CPU.ActiveCfg = Debug|x86
		{0BF2B8F5-1401-4E52-AFBD-A415D7FE0AF9}.DVD-5|Mixed Platforms.ActiveCfg = Debug|x86
		{0BF2B8F5-1401-4E52-AFBD-A415D7FE0AF9}.DVD-5|Mixed Platforms.Build.0 = Debug|x86
		{0BF2B8F5-1401-4E52-AFBD-A415D7FE0AF9}.DVD-5|x86.ActiveCfg = Debug|x86
		{0BF2B8F5-1401-4E52-AFBD-A415D7FE0AF9}.DVD-5|x86.Build.0 = Debug|x86
		{0BF2B8F5-1401-4E52-AFBD-A415D7FE0AF9}.Release|Any CPU.ActiveCfg = Release|x86
		{0BF2B8F5-1401-4E52-AFBD-A415D7FE0AF9}.Release|Mixed Platforms.ActiveCfg = Release|x86
		{0BF2B8F5-1401-4E52-AFBD-A415D7FE0AF9}.Release|Mixed Platforms.Build.0 = Release|x86
		{0BF2B8F5-1401-4E52-AFBD-A415D7FE0AF9}.Release|x86.ActiveCfg = Release|x86
		{0BF2B8F5-1401-4E52-AFBD-A415D7FE0AF9}.Release|x86.Build.0 = Release|x86
		{0BF2B8F5-1401-4E52-AFBD-A415D7FE0AF9}.SingleImage|Any CPU.ActiveCfg = Release|x86
		{0BF2B8F5-1401-4E52-AFBD-A415D7FE0AF9}.SingleImage|Mixed Platforms.ActiveCfg = Release|x86
		{0BF2B8F5-1401-4E52-AFBD-A415D7FE0AF9}.SingleImage|Mixed Platforms.Build.0 = Release|x86
		{0BF2B8F5-1401-4E52-AFBD-A415D7FE0AF9}.SingleImage|x86.ActiveCfg = Release|x86
		{0BF2B8F5-1401-4E52-AFBD-A415D7FE0AF9}.SingleImage|x86.Build.0 = Release|x86
		{0E07F88E-B941-4433-82E2-8EE878E3524C}.CD_ROM|Any CPU.ActiveCfg = Release|Any CPU
		{0E07F88E-B941-4433-82E2-8EE878E3524C}.CD_ROM|Any CPU.Build.0 = Release|Any CPU
		{0E07F88E-B941-4433-82E2-8EE878E3524C}.CD_ROM|Mixed Platforms.ActiveCfg = Release|Any CPU
		{0E07F88E-B941-4433-82E2-8EE878E3524C}.CD_ROM|Mixed Platforms.Build.0 = Release|Any CPU
		{0E07F88E-B941-4433-82E2-8EE878E3524C}.CD_ROM|x86.ActiveCfg = Release|Any CPU
		{0E07F88E-B941-4433-82E2-8EE878E3524C}.Debug|Any CPU.ActiveCfg = Debug|Any CPU
		{0E07F88E-B941-4433-82E2-8EE878E3524C}.Debug|Any CPU.Build.0 = Debug|Any CPU
		{0E07F88E-B941-4433-82E2-8EE878E3524C}.Debug|Mixed Platforms.ActiveCfg = Debug|Any CPU
		{0E07F88E-B941-4433-82E2-8EE878E3524C}.Debug|Mixed Platforms.Build.0 = Debug|Any CPU
		{0E07F88E-B941-4433-82E2-8EE878E3524C}.Debug|x86.ActiveCfg = Debug|Any CPU
		{0E07F88E-B941-4433-82E2-8EE878E3524C}.DVD-5|Any CPU.ActiveCfg = Debug|Any CPU
		{0E07F88E-B941-4433-82E2-8EE878E3524C}.DVD-5|Any CPU.Build.0 = Debug|Any CPU
		{0E07F88E-B941-4433-82E2-8EE878E3524C}.DVD-5|Mixed Platforms.ActiveCfg = Debug|Any CPU
		{0E07F88E-B941-4433-82E2-8EE878E3524C}.DVD-5|Mixed Platforms.Build.0 = Debug|Any CPU
		{0E07F88E-B941-4433-82E2-8EE878E3524C}.DVD-5|x86.ActiveCfg = Debug|Any CPU
		{0E07F88E-B941-4433-82E2-8EE878E3524C}.Release|Any CPU.ActiveCfg = Release|Any CPU
		{0E07F88E-B941-4433-82E2-8EE878E3524C}.Release|Any CPU.Build.0 = Release|Any CPU
		{0E07F88E-B941-4433-82E2-8EE878E3524C}.Release|Mixed Platforms.ActiveCfg = Release|Any CPU
		{0E07F88E-B941-4433-82E2-8EE878E3524C}.Release|Mixed Platforms.Build.0 = Release|Any CPU
		{0E07F88E-B941-4433-82E2-8EE878E3524C}.Release|x86.ActiveCfg = Release|Any CPU
		{0E07F88E-B941-4433-82E2-8EE878E3524C}.SingleImage|Any CPU.ActiveCfg = Release|Any CPU
		{0E07F88E-B941-4433-82E2-8EE878E3524C}.SingleImage|Any CPU.Build.0 = Release|Any CPU
		{0E07F88E-B941-4433-82E2-8EE878E3524C}.SingleImage|Mixed Platforms.ActiveCfg = Release|Any CPU
		{0E07F88E-B941-4433-82E2-8EE878E3524C}.SingleImage|Mixed Platforms.Build.0 = Release|Any CPU
		{0E07F88E-B941-4433-82E2-8EE878E3524C}.SingleImage|x86.ActiveCfg = Release|Any CPU
		{F05DCB59-ADDA-4F75-A8BB-8665BA830785}.CD_ROM|Any CPU.ActiveCfg = Release|Any CPU
		{F05DCB59-ADDA-4F75-A8BB-8665BA830785}.CD_ROM|Any CPU.Build.0 = Release|Any CPU
		{F05DCB59-ADDA-4F75-A8BB-8665BA830785}.CD_ROM|Mixed Platforms.ActiveCfg = Release|Any CPU
		{F05DCB59-ADDA-4F75-A8BB-8665BA830785}.CD_ROM|Mixed Platforms.Build.0 = Release|Any CPU
		{F05DCB59-ADDA-4F75-A8BB-8665BA830785}.CD_ROM|x86.ActiveCfg = Release|Any CPU
		{F05DCB59-ADDA-4F75-A8BB-8665BA830785}.Debug|Any CPU.ActiveCfg = Debug|Any CPU
		{F05DCB59-ADDA-4F75-A8BB-8665BA830785}.Debug|Any CPU.Build.0 = Debug|Any CPU
		{F05DCB59-ADDA-4F75-A8BB-8665BA830785}.Debug|Mixed Platforms.ActiveCfg = Debug|Any CPU
		{F05DCB59-ADDA-4F75-A8BB-8665BA830785}.Debug|Mixed Platforms.Build.0 = Debug|Any CPU
		{F05DCB59-ADDA-4F75-A8BB-8665BA830785}.Debug|x86.ActiveCfg = Debug|Any CPU
		{F05DCB59-ADDA-4F75-A8BB-8665BA830785}.DVD-5|Any CPU.ActiveCfg = Debug|Any CPU
		{F05DCB59-ADDA-4F75-A8BB-8665BA830785}.DVD-5|Any CPU.Build.0 = Debug|Any CPU
		{F05DCB59-ADDA-4F75-A8BB-8665BA830785}.DVD-5|Mixed Platforms.ActiveCfg = Debug|Any CPU
		{F05DCB59-ADDA-4F75-A8BB-8665BA830785}.DVD-5|Mixed Platforms.Build.0 = Debug|Any CPU
		{F05DCB59-ADDA-4F75-A8BB-8665BA830785}.DVD-5|x86.ActiveCfg = Debug|Any CPU
		{F05DCB59-ADDA-4F75-A8BB-8665BA830785}.Release|Any CPU.ActiveCfg = Release|Any CPU
		{F05DCB59-ADDA-4F75-A8BB-8665BA830785}.Release|Any CPU.Build.0 = Release|Any CPU
		{F05DCB59-ADDA-4F75-A8BB-8665BA830785}.Release|Mixed Platforms.ActiveCfg = Release|Any CPU
		{F05DCB59-ADDA-4F75-A8BB-8665BA830785}.Release|Mixed Platforms.Build.0 = Release|Any CPU
		{F05DCB59-ADDA-4F75-A8BB-8665BA830785}.Release|x86.ActiveCfg = Release|Any CPU
		{F05DCB59-ADDA-4F75-A8BB-8665BA830785}.SingleImage|Any CPU.ActiveCfg = Release|Any CPU
		{F05DCB59-ADDA-4F75-A8BB-8665BA830785}.SingleImage|Any CPU.Build.0 = Release|Any CPU
		{F05DCB59-ADDA-4F75-A8BB-8665BA830785}.SingleImage|Mixed Platforms.ActiveCfg = Release|Any CPU
		{F05DCB59-ADDA-4F75-A8BB-8665BA830785}.SingleImage|Mixed Platforms.Build.0 = Release|Any CPU
		{F05DCB59-ADDA-4F75-A8BB-8665BA830785}.SingleImage|x86.ActiveCfg = Release|Any CPU
		{528C46B4-4CD6-48D4-B5EB-B96084AD64F1}.CD_ROM|Any CPU.ActiveCfg = Release|Any CPU
		{528C46B4-4CD6-48D4-B5EB-B96084AD64F1}.CD_ROM|Any CPU.Build.0 = Release|Any CPU
		{528C46B4-4CD6-48D4-B5EB-B96084AD64F1}.CD_ROM|Mixed Platforms.ActiveCfg = Release|Any CPU
		{528C46B4-4CD6-48D4-B5EB-B96084AD64F1}.CD_ROM|Mixed Platforms.Build.0 = Release|Any CPU
		{528C46B4-4CD6-48D4-B5EB-B96084AD64F1}.CD_ROM|x86.ActiveCfg = Release|Any CPU
		{528C46B4-4CD6-48D4-B5EB-B96084AD64F1}.Debug|Any CPU.ActiveCfg = Debug|Any CPU
		{528C46B4-4CD6-48D4-B5EB-B96084AD64F1}.Debug|Any CPU.Build.0 = Debug|Any CPU
		{528C46B4-4CD6-48D4-B5EB-B96084AD64F1}.Debug|Mixed Platforms.ActiveCfg = Debug|Any CPU
		{528C46B4-4CD6-48D4-B5EB-B96084AD64F1}.Debug|Mixed Platforms.Build.0 = Debug|Any CPU
		{528C46B4-4CD6-48D4-B5EB-B96084AD64F1}.Debug|x86.ActiveCfg = Debug|Any CPU
		{528C46B4-4CD6-48D4-B5EB-B96084AD64F1}.DVD-5|Any CPU.ActiveCfg = Debug|Any CPU
		{528C46B4-4CD6-48D4-B5EB-B96084AD64F1}.DVD-5|Any CPU.Build.0 = Debug|Any CPU
		{528C46B4-4CD6-48D4-B5EB-B96084AD64F1}.DVD-5|Mixed Platforms.ActiveCfg = Debug|Any CPU
		{528C46B4-4CD6-48D4-B5EB-B96084AD64F1}.DVD-5|Mixed Platforms.Build.0 = Debug|Any CPU
		{528C46B4-4CD6-48D4-B5EB-B96084AD64F1}.DVD-5|x86.ActiveCfg = Debug|Any CPU
		{528C46B4-4CD6-48D4-B5EB-B96084AD64F1}.Release|Any CPU.ActiveCfg = Release|Any CPU
		{528C46B4-4CD6-48D4-B5EB-B96084AD64F1}.Release|Any CPU.Build.0 = Release|Any CPU
		{528C46B4-4CD6-48D4-B5EB-B96084AD64F1}.Release|Mixed Platforms.ActiveCfg = Release|Any CPU
		{528C46B4-4CD6-48D4-B5EB-B96084AD64F1}.Release|Mixed Platforms.Build.0 = Release|Any CPU
		{528C46B4-4CD6-48D4-B5EB-B96084AD64F1}.Release|x86.ActiveCfg = Release|Any CPU
		{528C46B4-4CD6-48D4-B5EB-B96084AD64F1}.SingleImage|Any CPU.ActiveCfg = Release|Any CPU
		{528C46B4-4CD6-48D4-B5EB-B96084AD64F1}.SingleImage|Any CPU.Build.0 = Release|Any CPU
		{528C46B4-4CD6-48D4-B5EB-B96084AD64F1}.SingleImage|Mixed Platforms.ActiveCfg = Release|Any CPU
		{528C46B4-4CD6-48D4-B5EB-B96084AD64F1}.SingleImage|Mixed Platforms.Build.0 = Release|Any CPU
		{528C46B4-4CD6-48D4-B5EB-B96084AD64F1}.SingleImage|x86.ActiveCfg = Release|Any CPU
		{D2664988-C11E-4128-97D5-BC542B88D7A5}.CD_ROM|Any CPU.ActiveCfg = Release|Any CPU
		{D2664988-C11E-4128-97D5-BC542B88D7A5}.CD_ROM|Any CPU.Build.0 = Release|Any CPU
		{D2664988-C11E-4128-97D5-BC542B88D7A5}.CD_ROM|Mixed Platforms.ActiveCfg = Release|Any CPU
		{D2664988-C11E-4128-97D5-BC542B88D7A5}.CD_ROM|Mixed Platforms.Build.0 = Release|Any CPU
		{D2664988-C11E-4128-97D5-BC542B88D7A5}.CD_ROM|x86.ActiveCfg = Release|Any CPU
		{D2664988-C11E-4128-97D5-BC542B88D7A5}.Debug|Any CPU.ActiveCfg = Debug|Any CPU
		{D2664988-C11E-4128-97D5-BC542B88D7A5}.Debug|Any CPU.Build.0 = Debug|Any CPU
		{D2664988-C11E-4128-97D5-BC542B88D7A5}.Debug|Mixed Platforms.ActiveCfg = Debug|Any CPU
		{D2664988-C11E-4128-97D5-BC542B88D7A5}.Debug|Mixed Platforms.Build.0 = Debug|Any CPU
		{D2664988-C11E-4128-97D5-BC542B88D7A5}.Debug|x86.ActiveCfg = Debug|Any CPU
		{D2664988-C11E-4128-97D5-BC542B88D7A5}.DVD-5|Any CPU.ActiveCfg = Debug|Any CPU
		{D2664988-C11E-4128-97D5-BC542B88D7A5}.DVD-5|Any CPU.Build.0 = Debug|Any CPU
		{D2664988-C11E-4128-97D5-BC542B88D7A5}.DVD-5|Mixed Platforms.ActiveCfg = Debug|Any CPU
		{D2664988-C11E-4128-97D5-BC542B88D7A5}.DVD-5|Mixed Platforms.Build.0 = Debug|Any CPU
		{D2664988-C11E-4128-97D5-BC542B88D7A5}.DVD-5|x86.ActiveCfg = Debug|Any CPU
		{D2664988-C11E-4128-97D5-BC542B88D7A5}.Release|Any CPU.ActiveCfg = Release|Any CPU
		{D2664988-C11E-4128-97D5-BC542B88D7A5}.Release|Any CPU.Build.0 = Release|Any CPU
		{D2664988-C11E-4128-97D5-BC542B88D7A5}.Release|Mixed Platforms.ActiveCfg = Release|Any CPU
		{D2664988-C11E-4128-97D5-BC542B88D7A5}.Release|Mixed Platforms.Build.0 = Release|Any CPU
		{D2664988-C11E-4128-97D5-BC542B88D7A5}.Release|x86.ActiveCfg = Release|Any CPU
		{D2664988-C11E-4128-97D5-BC542B88D7A5}.SingleImage|Any CPU.ActiveCfg = Release|Any CPU
		{D2664988-C11E-4128-97D5-BC542B88D7A5}.SingleImage|Any CPU.Build.0 = Release|Any CPU
		{D2664988-C11E-4128-97D5-BC542B88D7A5}.SingleImage|Mixed Platforms.ActiveCfg = Release|Any CPU
		{D2664988-C11E-4128-97D5-BC542B88D7A5}.SingleImage|Mixed Platforms.Build.0 = Release|Any CPU
		{D2664988-C11E-4128-97D5-BC542B88D7A5}.SingleImage|x86.ActiveCfg = Release|Any CPU
		{3765D010-5CA6-49FC-B5C1-BA59D660B923}.CD_ROM|Any CPU.ActiveCfg = CD_ROM
		{3765D010-5CA6-49FC-B5C1-BA59D660B923}.CD_ROM|Any CPU.Build.0 = CD_ROM
		{3765D010-5CA6-49FC-B5C1-BA59D660B923}.CD_ROM|Mixed Platforms.ActiveCfg = CD_ROM
		{3765D010-5CA6-49FC-B5C1-BA59D660B923}.CD_ROM|Mixed Platforms.Build.0 = CD_ROM
		{3765D010-5CA6-49FC-B5C1-BA59D660B923}.CD_ROM|x86.ActiveCfg = CD_ROM
		{3765D010-5CA6-49FC-B5C1-BA59D660B923}.CD_ROM|x86.Build.0 = CD_ROM
		{3765D010-5CA6-49FC-B5C1-BA59D660B923}.Debug|Any CPU.ActiveCfg = DVD-5
		{3765D010-5CA6-49FC-B5C1-BA59D660B923}.Debug|Any CPU.Build.0 = DVD-5
		{3765D010-5CA6-49FC-B5C1-BA59D660B923}.Debug|Mixed Platforms.ActiveCfg = SingleImage
		{3765D010-5CA6-49FC-B5C1-BA59D660B923}.Debug|Mixed Platforms.Build.0 = SingleImage
		{3765D010-5CA6-49FC-B5C1-BA59D660B923}.Debug|x86.ActiveCfg = DVD-5
		{3765D010-5CA6-49FC-B5C1-BA59D660B923}.Debug|x86.Build.0 = DVD-5
		{3765D010-5CA6-49FC-B5C1-BA59D660B923}.DVD-5|Any CPU.ActiveCfg = DVD-5
		{3765D010-5CA6-49FC-B5C1-BA59D660B923}.DVD-5|Any CPU.Build.0 = DVD-5
		{3765D010-5CA6-49FC-B5C1-BA59D660B923}.DVD-5|Mixed Platforms.ActiveCfg = DVD-5
		{3765D010-5CA6-49FC-B5C1-BA59D660B923}.DVD-5|Mixed Platforms.Build.0 = DVD-5
		{3765D010-5CA6-49FC-B5C1-BA59D660B923}.DVD-5|x86.ActiveCfg = DVD-5
		{3765D010-5CA6-49FC-B5C1-BA59D660B923}.DVD-5|x86.Build.0 = DVD-5
		{3765D010-5CA6-49FC-B5C1-BA59D660B923}.Release|Any CPU.ActiveCfg = SingleImage
		{3765D010-5CA6-49FC-B5C1-BA59D660B923}.Release|Any CPU.Build.0 = SingleImage
		{3765D010-5CA6-49FC-B5C1-BA59D660B923}.Release|Mixed Platforms.ActiveCfg = SingleImage
		{3765D010-5CA6-49FC-B5C1-BA59D660B923}.Release|Mixed Platforms.Build.0 = SingleImage
		{3765D010-5CA6-49FC-B5C1-BA59D660B923}.Release|x86.ActiveCfg = SingleImage
		{3765D010-5CA6-49FC-B5C1-BA59D660B923}.Release|x86.Build.0 = SingleImage
		{3765D010-5CA6-49FC-B5C1-BA59D660B923}.SingleImage|Any CPU.ActiveCfg = SingleImage
		{3765D010-5CA6-49FC-B5C1-BA59D660B923}.SingleImage|Any CPU.Build.0 = SingleImage
		{3765D010-5CA6-49FC-B5C1-BA59D660B923}.SingleImage|Mixed Platforms.ActiveCfg = SingleImage
		{3765D010-5CA6-49FC-B5C1-BA59D660B923}.SingleImage|Mixed Platforms.Build.0 = SingleImage
		{3765D010-5CA6-49FC-B5C1-BA59D660B923}.SingleImage|x86.ActiveCfg = SingleImage
		{3765D010-5CA6-49FC-B5C1-BA59D660B923}.SingleImage|x86.Build.0 = SingleImage
	EndGlobalSection
	GlobalSection(SolutionProperties) = preSolution
		HideSolutionNode = FALSE
	EndGlobalSection
	GlobalSection(NestedProjects) = preSolution
		{B45B8A76-172C-4B91-8335-EEFC06676BD1} = {F0693984-687B-4238-BF0F-BE044A188E36}
		{528C46B4-4CD6-48D4-B5EB-B96084AD64F1} = {F0693984-687B-4238-BF0F-BE044A188E36}
		{F05DCB59-ADDA-4F75-A8BB-8665BA830785} = {E46D4562-CC3B-4DCF-A085-CF4AEE1E4D80}
		{0E07F88E-B941-4433-82E2-8EE878E3524C} = {4FA30312-A6BB-4AF6-AE32-73CC31FB41C3}
		{D2664988-C11E-4128-97D5-BC542B88D7A5} = {E39C8590-FBB4-407D-B6D6-6F590C5A3630}
		{0BF2B8F5-1401-4E52-AFBD-A415D7FE0AF9} = {78B92F12-1FF0-45FD-B86E-8E7E802C9657}
		{3765D010-5CA6-49FC-B5C1-BA59D660B923} = {FBA47618-5E90-44E3-90E3-41F5987278C2}
	EndGlobalSection
EndGlobal
